// !$*UTF8*$!
{
	archiveVersion = 1;
	classes = {
	};
	objectVersion = 48;
	objects = {

/* Begin PBXBuildFile section */
		42D1707CFD8F5E7D86BE117E /* Pods_flixTests.framework in Frameworks */ = {isa = PBXBuildFile; fileRef = F230892C1B2AC62B1A59D0DC /* Pods_flixTests.framework */; };
		83450E0E402BAB3C4C0742C3 /* Pods_flix.framework in Frameworks */ = {isa = PBXBuildFile; fileRef = FDD45AF0F0FDBFF086330463 /* Pods_flix.framework */; };
		AC7C905272B4B4F5C7A5FEC8 /* Pods_flixUITests.framework in Frameworks */ = {isa = PBXBuildFile; fileRef = 9F9F9BFE64552BEEBA393C22 /* Pods_flixUITests.framework */; };
		C80BCFF02026338400DBE57A /* MovieCell.swift in Sources */ = {isa = PBXBuildFile; fileRef = C80BCFEF2026338400DBE57A /* MovieCell.swift */; };
		C898669620250E130092D386 /* AppDelegate.swift in Sources */ = {isa = PBXBuildFile; fileRef = C898669520250E130092D386 /* AppDelegate.swift */; };
		C898669B20250E130092D386 /* Main.storyboard in Resources */ = {isa = PBXBuildFile; fileRef = C898669920250E130092D386 /* Main.storyboard */; };
		C898669D20250E130092D386 /* Asssets.xcassets in Resources */ = {isa = PBXBuildFile; fileRef = C898669C20250E130092D386 /* Asssets.xcassets */; };
		C89866A020250E130092D386 /* LaunchScreen.storyboard in Resources */ = {isa = PBXBuildFile; fileRef = C898669E20250E130092D386 /* LaunchScreen.storyboard */; };
		C89866AB20250E130092D386 /* flixTests.swift in Sources */ = {isa = PBXBuildFile; fileRef = C89866AA20250E130092D386 /* flixTests.swift */; };
		C89866B620250E130092D386 /* flixUITests.swift in Sources */ = {isa = PBXBuildFile; fileRef = C89866B520250E130092D386 /* flixUITests.swift */; };
		C8FB95C4202528FE00B8AEC2 /* NowPlayingViewController.swift in Sources */ = {isa = PBXBuildFile; fileRef = C8FB95C3202528FE00B8AEC2 /* NowPlayingViewController.swift */; };
/* End PBXBuildFile section */

/* Begin PBXContainerItemProxy section */
		C89866A720250E130092D386 /* PBXContainerItemProxy */ = {
			isa = PBXContainerItemProxy;
			containerPortal = C898668A20250E130092D386 /* Project object */;
			proxyType = 1;
			remoteGlobalIDString = C898669120250E130092D386;
			remoteInfo = flix;
		};
		C89866B220250E130092D386 /* PBXContainerItemProxy */ = {
			isa = PBXContainerItemProxy;
			containerPortal = C898668A20250E130092D386 /* Project object */;
			proxyType = 1;
			remoteGlobalIDString = C898669120250E130092D386;
			remoteInfo = flix;
		};
/* End PBXContainerItemProxy section */

/* Begin PBXFileReference section */
		3F0C134A215DC2030013047B /* flixTests.xctest */ = {isa = PBXFileReference; explicitFileType = wrapper.cfbundle; includeInIndex = 0; path = flixTests.xctest; sourceTree = BUILT_PRODUCTS_DIR; };
		3F0C134B215DC2030013047B /* flixUITests.xctest */ = {isa = PBXFileReference; explicitFileType = wrapper.cfbundle; includeInIndex = 0; path = flixUITests.xctest; sourceTree = BUILT_PRODUCTS_DIR; };
		4B676A992924197BBB1BC0FD /* Pods-flixUITests.debug.xcconfig */ = {isa = PBXFileReference; includeInIndex = 1; lastKnownFileType = text.xcconfig; name = "Pods-flixUITests.debug.xcconfig"; path = "Pods/Target Support Files/Pods-flixUITests/Pods-flixUITests.debug.xcconfig"; sourceTree = "<group>"; };
		7428F8EC42B07DA89DD195F2 /* Pods-flix.release.xcconfig */ = {isa = PBXFileReference; includeInIndex = 1; lastKnownFileType = text.xcconfig; name = "Pods-flix.release.xcconfig"; path = "Pods/Target Support Files/Pods-flix/Pods-flix.release.xcconfig"; sourceTree = "<group>"; };
		9F9F9BFE64552BEEBA393C22 /* Pods_flixUITests.framework */ = {isa = PBXFileReference; explicitFileType = wrapper.framework; includeInIndex = 0; path = Pods_flixUITests.framework; sourceTree = BUILT_PRODUCTS_DIR; };
		C143CF1E2D9F3A878A30AE60 /* Pods-flix.debug.xcconfig */ = {isa = PBXFileReference; includeInIndex = 1; lastKnownFileType = text.xcconfig; name = "Pods-flix.debug.xcconfig"; path = "Pods/Target Support Files/Pods-flix/Pods-flix.debug.xcconfig"; sourceTree = "<group>"; };
		C80BCFEF2026338400DBE57A /* MovieCell.swift */ = {isa = PBXFileReference; lastKnownFileType = sourcecode.swift; path = MovieCell.swift; sourceTree = "<group>"; };
		C898669520250E130092D386 /* AppDelegate.swift */ = {isa = PBXFileReference; lastKnownFileType = sourcecode.swift; path = AppDelegate.swift; sourceTree = "<group>"; };
		C898669A20250E130092D386 /* Base */ = {isa = PBXFileReference; lastKnownFileType = file.storyboard; name = Base; path = Base.lproj/Main.storyboard; sourceTree = "<group>"; };
		C898669C20250E130092D386 /* Asssets.xcassets */ = {isa = PBXFileReference; lastKnownFileType = folder.assetcatalog; path = Asssets.xcassets; sourceTree = "<group>"; };
		C898669F20250E130092D386 /* Base */ = {isa = PBXFileReference; lastKnownFileType = file.storyboard; name = Base; path = Base.lproj/LaunchScreen.storyboard; sourceTree = "<group>"; };
		C89866A120250E130092D386 /* Info.plist */ = {isa = PBXFileReference; lastKnownFileType = text.plist.xml; path = Info.plist; sourceTree = "<group>"; };
		C89866AA20250E130092D386 /* flixTests.swift */ = {isa = PBXFileReference; lastKnownFileType = sourcecode.swift; path = flixTests.swift; sourceTree = "<group>"; };
		C89866AC20250E130092D386 /* Info.plist */ = {isa = PBXFileReference; lastKnownFileType = text.plist.xml; path = Info.plist; sourceTree = "<group>"; };
		C89866B520250E130092D386 /* flixUITests.swift */ = {isa = PBXFileReference; lastKnownFileType = sourcecode.swift; path = flixUITests.swift; sourceTree = "<group>"; };
		C89866B720250E130092D386 /* Info.plist */ = {isa = PBXFileReference; lastKnownFileType = text.plist.xml; path = Info.plist; sourceTree = "<group>"; };
		C8CB735D202A55700006F1EF /* flix.app */ = {isa = PBXFileReference; explicitFileType = wrapper.application; includeInIndex = 0; path = flix.app; sourceTree = BUILT_PRODUCTS_DIR; };
		C8FB95C3202528FE00B8AEC2 /* NowPlayingViewController.swift */ = {isa = PBXFileReference; lastKnownFileType = sourcecode.swift; path = NowPlayingViewController.swift; sourceTree = "<group>"; };
		CF15755F3BBC824B6CEF86BB /* Pods-flixTests.release.xcconfig */ = {isa = PBXFileReference; includeInIndex = 1; lastKnownFileType = text.xcconfig; name = "Pods-flixTests.release.xcconfig"; path = "Pods/Target Support Files/Pods-flixTests/Pods-flixTests.release.xcconfig"; sourceTree = "<group>"; };
		EAAEFBD242245B31A4F4C9DC /* Pods-flixUITests.release.xcconfig */ = {isa = PBXFileReference; includeInIndex = 1; lastKnownFileType = text.xcconfig; name = "Pods-flixUITests.release.xcconfig"; path = "Pods/Target Support Files/Pods-flixUITests/Pods-flixUITests.release.xcconfig"; sourceTree = "<group>"; };
		F230892C1B2AC62B1A59D0DC /* Pods_flixTests.framework */ = {isa = PBXFileReference; explicitFileType = wrapper.framework; includeInIndex = 0; path = Pods_flixTests.framework; sourceTree = BUILT_PRODUCTS_DIR; };
		F25C91148EFC810504BE5F7A /* Pods-flixTests.debug.xcconfig */ = {isa = PBXFileReference; includeInIndex = 1; lastKnownFileType = text.xcconfig; name = "Pods-flixTests.debug.xcconfig"; path = "Pods/Target Support Files/Pods-flixTests/Pods-flixTests.debug.xcconfig"; sourceTree = "<group>"; };
		FDD45AF0F0FDBFF086330463 /* Pods_flix.framework */ = {isa = PBXFileReference; explicitFileType = wrapper.framework; includeInIndex = 0; path = Pods_flix.framework; sourceTree = BUILT_PRODUCTS_DIR; };
/* End PBXFileReference section */

/* Begin PBXFrameworksBuildPhase section */
		C898668F20250E130092D386 /* Frameworks */ = {
			isa = PBXFrameworksBuildPhase;
			buildActionMask = 2147483647;
			files = (
				83450E0E402BAB3C4C0742C3 /* Pods_flix.framework in Frameworks */,
			);
			runOnlyForDeploymentPostprocessing = 0;
		};
		C89866A320250E130092D386 /* Frameworks */ = {
			isa = PBXFrameworksBuildPhase;
			buildActionMask = 2147483647;
			files = (
				42D1707CFD8F5E7D86BE117E /* Pods_flixTests.framework in Frameworks */,
			);
			runOnlyForDeploymentPostprocessing = 0;
		};
		C89866AE20250E130092D386 /* Frameworks */ = {
			isa = PBXFrameworksBuildPhase;
			buildActionMask = 2147483647;
			files = (
				AC7C905272B4B4F5C7A5FEC8 /* Pods_flixUITests.framework in Frameworks */,
			);
			runOnlyForDeploymentPostprocessing = 0;
		};
/* End PBXFrameworksBuildPhase section */

/* Begin PBXGroup section */
		C80BCFEE20262EAA00DBE57A /* Recovered References */ = {
			isa = PBXGroup;
			children = (
			);
			name = "Recovered References";
			sourceTree = "<group>";
		};
		C898668920250E130092D386 = {
			isa = PBXGroup;
			children = (
				C898669420250E130092D386 /* flix */,
				C89866A920250E130092D386 /* flixTests */,
				C89866B420250E130092D386 /* flixUITests */,
				C80BCFEE20262EAA00DBE57A /* Recovered References */,
				FE2993C0A0EC003A50F3A5F7 /* Pods */,
				F7105259BADC8D803D0391AD /* Frameworks */,
				C8CB735D202A55700006F1EF /* flix.app */,
				3F0C134A215DC2030013047B /* flixTests.xctest */,
				3F0C134B215DC2030013047B /* flixUITests.xctest */,
			);
			sourceTree = "<group>";
		};
		C898669420250E130092D386 /* flix */ = {
			isa = PBXGroup;
			children = (
				C8FB95C3202528FE00B8AEC2 /* NowPlayingViewController.swift */,
				C898669520250E130092D386 /* AppDelegate.swift */,
				C898669920250E130092D386 /* Main.storyboard */,
				C898669C20250E130092D386 /* Asssets.xcassets */,
				C898669E20250E130092D386 /* LaunchScreen.storyboard */,
				C89866A120250E130092D386 /* Info.plist */,
				C80BCFEF2026338400DBE57A /* MovieCell.swift */,
			);
			path = flix;
			sourceTree = "<group>";
		};
		C89866A920250E130092D386 /* flixTests */ = {
			isa = PBXGroup;
			children = (
				C89866AA20250E130092D386 /* flixTests.swift */,
				C89866AC20250E130092D386 /* Info.plist */,
			);
			path = flixTests;
			sourceTree = "<group>";
		};
		C89866B420250E130092D386 /* flixUITests */ = {
			isa = PBXGroup;
			children = (
				C89866B520250E130092D386 /* flixUITests.swift */,
				C89866B720250E130092D386 /* Info.plist */,
			);
			path = flixUITests;
			sourceTree = "<group>";
		};
		F7105259BADC8D803D0391AD /* Frameworks */ = {
			isa = PBXGroup;
			children = (
				FDD45AF0F0FDBFF086330463 /* Pods_flix.framework */,
				F230892C1B2AC62B1A59D0DC /* Pods_flixTests.framework */,
				9F9F9BFE64552BEEBA393C22 /* Pods_flixUITests.framework */,
			);
			name = Frameworks;
			sourceTree = "<group>";
		};
		FE2993C0A0EC003A50F3A5F7 /* Pods */ = {
			isa = PBXGroup;
			children = (
				C143CF1E2D9F3A878A30AE60 /* Pods-flix.debug.xcconfig */,
				7428F8EC42B07DA89DD195F2 /* Pods-flix.release.xcconfig */,
				F25C91148EFC810504BE5F7A /* Pods-flixTests.debug.xcconfig */,
				CF15755F3BBC824B6CEF86BB /* Pods-flixTests.release.xcconfig */,
				4B676A992924197BBB1BC0FD /* Pods-flixUITests.debug.xcconfig */,
				EAAEFBD242245B31A4F4C9DC /* Pods-flixUITests.release.xcconfig */,
			);
			name = Pods;
			sourceTree = "<group>";
		};
/* End PBXGroup section */

/* Begin PBXNativeTarget section */
		C898669120250E130092D386 /* flix */ = {
			isa = PBXNativeTarget;
			buildConfigurationList = C89866BA20250E130092D386 /* Build configuration list for PBXNativeTarget "flix" */;
			buildPhases = (
				D92C6622D1A10790FA1CECAF /* [CP] Check Pods Manifest.lock */,
				C898668E20250E130092D386 /* Sources */,
				C898668F20250E130092D386 /* Frameworks */,
				C898669020250E130092D386 /* Resources */,
				2CDAB1BD07934C4EC2D57EE4 /* [CP] Embed Pods Frameworks */,
				F446079A3B8025782523BAA0 /* [CP] Copy Pods Resources */,
			);
			buildRules = (
			);
			dependencies = (
			);
			name = flix;
			productName = flix;
			productReference = C8CB735D202A55700006F1EF /* flix.app */;
			productType = "com.apple.product-type.application";
		};
		C89866A520250E130092D386 /* flixTests */ = {
			isa = PBXNativeTarget;
			buildConfigurationList = C89866BD20250E130092D386 /* Build configuration list for PBXNativeTarget "flixTests" */;
			buildPhases = (
				6A5D207547EBA9723F3D8895 /* [CP] Check Pods Manifest.lock */,
				C89866A220250E130092D386 /* Sources */,
				C89866A320250E130092D386 /* Frameworks */,
				C89866A420250E130092D386 /* Resources */,
				23622CCF4DF59F27340FE770 /* [CP] Embed Pods Frameworks */,
				3E71D1E0BD10600D6721FB56 /* [CP] Copy Pods Resources */,
			);
			buildRules = (
			);
			dependencies = (
				C89866A820250E130092D386 /* PBXTargetDependency */,
			);
			name = flixTests;
			productName = flixTests;
			productReference = 3F0C134A215DC2030013047B /* flixTests.xctest */;
			productType = "com.apple.product-type.bundle.unit-test";
		};
		C89866B020250E130092D386 /* flixUITests */ = {
			isa = PBXNativeTarget;
			buildConfigurationList = C89866C020250E130092D386 /* Build configuration list for PBXNativeTarget "flixUITests" */;
			buildPhases = (
				73C164571D7D6155B789BDA2 /* [CP] Check Pods Manifest.lock */,
				C89866AD20250E130092D386 /* Sources */,
				C89866AE20250E130092D386 /* Frameworks */,
				C89866AF20250E130092D386 /* Resources */,
				BB6C96D577A2548DCCD37427 /* [CP] Embed Pods Frameworks */,
				E854095508559ABB34EDD9D7 /* [CP] Copy Pods Resources */,
			);
			buildRules = (
			);
			dependencies = (
				C89866B320250E130092D386 /* PBXTargetDependency */,
			);
			name = flixUITests;
			productName = flixUITests;
			productReference = 3F0C134B215DC2030013047B /* flixUITests.xctest */;
			productType = "com.apple.product-type.bundle.ui-testing";
		};
/* End PBXNativeTarget section */

/* Begin PBXProject section */
		C898668A20250E130092D386 /* Project object */ = {
			isa = PBXProject;
			attributes = {
				LastSwiftUpdateCheck = 0920;
				LastUpgradeCheck = 0920;
				ORGANIZATIONNAME = "Kymberlee Hill";
				TargetAttributes = {
					C898669120250E130092D386 = {
						CreatedOnToolsVersion = 9.2;
						ProvisioningStyle = Manual;
					};
					C89866A520250E130092D386 = {
						CreatedOnToolsVersion = 9.2;
						ProvisioningStyle = Automatic;
						TestTargetID = C898669120250E130092D386;
					};
					C89866B020250E130092D386 = {
						CreatedOnToolsVersion = 9.2;
						ProvisioningStyle = Automatic;
						TestTargetID = C898669120250E130092D386;
					};
				};
			};
			buildConfigurationList = C898668D20250E130092D386 /* Build configuration list for PBXProject "flix" */;
			compatibilityVersion = "Xcode 8.0";
			developmentRegion = en;
			hasScannedForEncodings = 0;
			knownRegions = (
				en,
				Base,
			);
			mainGroup = C898668920250E130092D386;
			productRefGroup = C898668920250E130092D386;
			projectDirPath = "";
			projectRoot = "";
			targets = (
				C898669120250E130092D386 /* flix */,
				C89866A520250E130092D386 /* flixTests */,
				C89866B020250E130092D386 /* flixUITests */,
			);
		};
/* End PBXProject section */

/* Begin PBXResourcesBuildPhase section */
		C898669020250E130092D386 /* Resources */ = {
			isa = PBXResourcesBuildPhase;
			buildActionMask = 2147483647;
			files = (
				C89866A020250E130092D386 /* LaunchScreen.storyboard in Resources */,
				C898669D20250E130092D386 /* Asssets.xcassets in Resources */,
				C898669B20250E130092D386 /* Main.storyboard in Resources */,
			);
			runOnlyForDeploymentPostprocessing = 0;
		};
		C89866A420250E130092D386 /* Resources */ = {
			isa = PBXResourcesBuildPhase;
			buildActionMask = 2147483647;
			files = (
			);
			runOnlyForDeploymentPostprocessing = 0;
		};
		C89866AF20250E130092D386 /* Resources */ = {
			isa = PBXResourcesBuildPhase;
			buildActionMask = 2147483647;
			files = (
			);
			runOnlyForDeploymentPostprocessing = 0;
		};
/* End PBXResourcesBuildPhase section */

/* Begin PBXShellScriptBuildPhase section */
		23622CCF4DF59F27340FE770 /* [CP] Embed Pods Frameworks */ = {
			isa = PBXShellScriptBuildPhase;
			buildActionMask = 2147483647;
			files = (
			);
			inputPaths = (
			);
			name = "[CP] Embed Pods Frameworks";
			outputPaths = (
			);
			runOnlyForDeploymentPostprocessing = 0;
			shellPath = /bin/sh;
			shellScript = "\"${SRCROOT}/Pods/Target Support Files/Pods-flixTests/Pods-flixTests-frameworks.sh\"\n";
			showEnvVarsInLog = 0;
		};
		2CDAB1BD07934C4EC2D57EE4 /* [CP] Embed Pods Frameworks */ = {
			isa = PBXShellScriptBuildPhase;
			buildActionMask = 2147483647;
			files = (
			);
			inputPaths = (
			);
			name = "[CP] Embed Pods Frameworks";
			outputPaths = (
			);
			runOnlyForDeploymentPostprocessing = 0;
			shellPath = /bin/sh;
			shellScript = "\"${SRCROOT}/Pods/Target Support Files/Pods-flix/Pods-flix-frameworks.sh\"\n";
			showEnvVarsInLog = 0;
		};
		3E71D1E0BD10600D6721FB56 /* [CP] Copy Pods Resources */ = {
			isa = PBXShellScriptBuildPhase;
			buildActionMask = 2147483647;
			files = (
			);
			inputPaths = (
			);
			name = "[CP] Copy Pods Resources";
			outputPaths = (
			);
			runOnlyForDeploymentPostprocessing = 0;
			shellPath = /bin/sh;
			shellScript = "\"${SRCROOT}/Pods/Target Support Files/Pods-flixTests/Pods-flixTests-resources.sh\"\n";
			showEnvVarsInLog = 0;
		};
		6A5D207547EBA9723F3D8895 /* [CP] Check Pods Manifest.lock */ = {
			isa = PBXShellScriptBuildPhase;
			buildActionMask = 2147483647;
			files = (
			);
			inputPaths = (
			);
			name = "[CP] Check Pods Manifest.lock";
			outputPaths = (
			);
			runOnlyForDeploymentPostprocessing = 0;
			shellPath = /bin/sh;
			shellScript = "diff \"${PODS_PODFILE_DIR_PATH}/Podfile.lock\" \"${PODS_ROOT}/Manifest.lock\" > /dev/null\nif [ $? != 0 ] ; then\n    # print error to STDERR\n    echo \"error: The sandbox is not in sync with the Podfile.lock. Run 'pod install' or update your CocoaPods installation.\" >&2\n    exit 1\nfi\n";
			showEnvVarsInLog = 0;
		};
		73C164571D7D6155B789BDA2 /* [CP] Check Pods Manifest.lock */ = {
			isa = PBXShellScriptBuildPhase;
			buildActionMask = 2147483647;
			files = (
			);
			inputPaths = (
			);
			name = "[CP] Check Pods Manifest.lock";
			outputPaths = (
			);
			runOnlyForDeploymentPostprocessing = 0;
			shellPath = /bin/sh;
			shellScript = "diff \"${PODS_PODFILE_DIR_PATH}/Podfile.lock\" \"${PODS_ROOT}/Manifest.lock\" > /dev/null\nif [ $? != 0 ] ; then\n    # print error to STDERR\n    echo \"error: The sandbox is not in sync with the Podfile.lock. Run 'pod install' or update your CocoaPods installation.\" >&2\n    exit 1\nfi\n";
			showEnvVarsInLog = 0;
		};
		BB6C96D577A2548DCCD37427 /* [CP] Embed Pods Frameworks */ = {
			isa = PBXShellScriptBuildPhase;
			buildActionMask = 2147483647;
			files = (
			);
			inputPaths = (
			);
			name = "[CP] Embed Pods Frameworks";
			outputPaths = (
			);
			runOnlyForDeploymentPostprocessing = 0;
			shellPath = /bin/sh;
			shellScript = "\"${SRCROOT}/Pods/Target Support Files/Pods-flixUITests/Pods-flixUITests-frameworks.sh\"\n";
			showEnvVarsInLog = 0;
		};
		D92C6622D1A10790FA1CECAF /* [CP] Check Pods Manifest.lock */ = {
			isa = PBXShellScriptBuildPhase;
			buildActionMask = 2147483647;
			files = (
			);
			inputPaths = (
			);
			name = "[CP] Check Pods Manifest.lock";
			outputPaths = (
			);
			runOnlyForDeploymentPostprocessing = 0;
			shellPath = /bin/sh;
			shellScript = "diff \"${PODS_PODFILE_DIR_PATH}/Podfile.lock\" \"${PODS_ROOT}/Manifest.lock\" > /dev/null\nif [ $? != 0 ] ; then\n    # print error to STDERR\n    echo \"error: The sandbox is not in sync with the Podfile.lock. Run 'pod install' or update your CocoaPods installation.\" >&2\n    exit 1\nfi\n";
			showEnvVarsInLog = 0;
		};
		E854095508559ABB34EDD9D7 /* [CP] Copy Pods Resources */ = {
			isa = PBXShellScriptBuildPhase;
			buildActionMask = 2147483647;
			files = (
			);
			inputPaths = (
			);
			name = "[CP] Copy Pods Resources";
			outputPaths = (
			);
			runOnlyForDeploymentPostprocessing = 0;
			shellPath = /bin/sh;
			shellScript = "\"${SRCROOT}/Pods/Target Support Files/Pods-flixUITests/Pods-flixUITests-resources.sh\"\n";
			showEnvVarsInLog = 0;
		};
		F446079A3B8025782523BAA0 /* [CP] Copy Pods Resources */ = {
			isa = PBXShellScriptBuildPhase;
			buildActionMask = 2147483647;
			files = (
			);
			inputPaths = (
			);
			name = "[CP] Copy Pods Resources";
			outputPaths = (
			);
			runOnlyForDeploymentPostprocessing = 0;
			shellPath = /bin/sh;
			shellScript = "\"${SRCROOT}/Pods/Target Support Files/Pods-flix/Pods-flix-resources.sh\"\n";
			showEnvVarsInLog = 0;
		};
/* End PBXShellScriptBuildPhase section */

/* Begin PBXSourcesBuildPhase section */
		C898668E20250E130092D386 /* Sources */ = {
			isa = PBXSourcesBuildPhase;
			buildActionMask = 2147483647;
			files = (
				C8FB95C4202528FE00B8AEC2 /* NowPlayingViewController.swift in Sources */,
				C898669620250E130092D386 /* AppDelegate.swift in Sources */,
				C80BCFF02026338400DBE57A /* MovieCell.swift in Sources */,
			);
			runOnlyForDeploymentPostprocessing = 0;
		};
		C89866A220250E130092D386 /* Sources */ = {
			isa = PBXSourcesBuildPhase;
			buildActionMask = 2147483647;
			files = (
				C89866AB20250E130092D386 /* flixTests.swift in Sources */,
			);
			runOnlyForDeploymentPostprocessing = 0;
		};
		C89866AD20250E130092D386 /* Sources */ = {
			isa = PBXSourcesBuildPhase;
			buildActionMask = 2147483647;
			files = (
				C89866B620250E130092D386 /* flixUITests.swift in Sources */,
			);
			runOnlyForDeploymentPostprocessing = 0;
		};
/* End PBXSourcesBuildPhase section */

/* Begin PBXTargetDependency section */
		C89866A820250E130092D386 /* PBXTargetDependency */ = {
			isa = PBXTargetDependency;
			target = C898669120250E130092D386 /* flix */;
			targetProxy = C89866A720250E130092D386 /* PBXContainerItemProxy */;
		};
		C89866B320250E130092D386 /* PBXTargetDependency */ = {
			isa = PBXTargetDependency;
			target = C898669120250E130092D386 /* flix */;
			targetProxy = C89866B220250E130092D386 /* PBXContainerItemProxy */;
		};
/* End PBXTargetDependency section */

/* Begin PBXVariantGroup section */
		C898669920250E130092D386 /* Main.storyboard */ = {
			isa = PBXVariantGroup;
			children = (
				C898669A20250E130092D386 /* Base */,
			);
			name = Main.storyboard;
			sourceTree = "<group>";
		};
		C898669E20250E130092D386 /* LaunchScreen.storyboard */ = {
			isa = PBXVariantGroup;
			children = (
				C898669F20250E130092D386 /* Base */,
			);
			name = LaunchScreen.storyboard;
			sourceTree = "<group>";
		};
/* End PBXVariantGroup section */

/* Begin XCBuildConfiguration section */
		C89866B820250E130092D386 /* Debug */ = {
			isa = XCBuildConfiguration;
			buildSettings = {
				ALWAYS_SEARCH_USER_PATHS = NO;
				CLANG_ANALYZER_NONNULL = YES;
				CLANG_ANALYZER_NUMBER_OBJECT_CONVERSION = YES_AGGRESSIVE;
				CLANG_CXX_LANGUAGE_STANDARD = "gnu++14";
				CLANG_CXX_LIBRARY = "libc++";
				CLANG_ENABLE_MODULES = YES;
				CLANG_ENABLE_OBJC_ARC = YES;
				CLANG_WARN_BLOCK_CAPTURE_AUTORELEASING = YES;
				CLANG_WARN_BOOL_CONVERSION = YES;
				CLANG_WARN_COMMA = YES;
				CLANG_WARN_CONSTANT_CONVERSION = YES;
				CLANG_WARN_DIRECT_OBJC_ISA_USAGE = YES_ERROR;
				CLANG_WARN_DOCUMENTATION_COMMENTS = YES;
				CLANG_WARN_EMPTY_BODY = YES;
				CLANG_WARN_ENUM_CONVERSION = YES;
				CLANG_WARN_INFINITE_RECURSION = YES;
				CLANG_WARN_INT_CONVERSION = YES;
				CLANG_WARN_NON_LITERAL_NULL_CONVERSION = YES;
				CLANG_WARN_OBJC_LITERAL_CONVERSION = YES;
				CLANG_WARN_OBJC_ROOT_CLASS = YES_ERROR;
				CLANG_WARN_RANGE_LOOP_ANALYSIS = YES;
				CLANG_WARN_STRICT_PROTOTYPES = YES;
				CLANG_WARN_SUSPICIOUS_MOVE = YES;
				CLANG_WARN_UNGUARDED_AVAILABILITY = YES_AGGRESSIVE;
				CLANG_WARN_UNREACHABLE_CODE = YES;
				CLANG_WARN__DUPLICATE_METHOD_MATCH = YES;
				CODE_SIGN_IDENTITY = "iPhone Developer";
				COPY_PHASE_STRIP = NO;
				DEBUG_INFORMATION_FORMAT = dwarf;
				ENABLE_STRICT_OBJC_MSGSEND = YES;
				ENABLE_TESTABILITY = YES;
				GCC_C_LANGUAGE_STANDARD = gnu11;
				GCC_DYNAMIC_NO_PIC = NO;
				GCC_NO_COMMON_BLOCKS = YES;
				GCC_OPTIMIZATION_LEVEL = 0;
				GCC_PREPROCESSOR_DEFINITIONS = (
					"DEBUG=1",
					"$(inherited)",
				);
				GCC_WARN_64_TO_32_BIT_CONVERSION = YES;
				GCC_WARN_ABOUT_RETURN_TYPE = YES_ERROR;
				GCC_WARN_UNDECLARED_SELECTOR = YES;
				GCC_WARN_UNINITIALIZED_AUTOS = YES_AGGRESSIVE;
				GCC_WARN_UNUSED_FUNCTION = YES;
				GCC_WARN_UNUSED_VARIABLE = YES;
				IPHONEOS_DEPLOYMENT_TARGET = 11.2;
				MTL_ENABLE_DEBUG_INFO = YES;
				ONLY_ACTIVE_ARCH = YES;
				SDKROOT = iphoneos;
				SWIFT_ACTIVE_COMPILATION_CONDITIONS = DEBUG;
				SWIFT_OPTIMIZATION_LEVEL = "-Onone";
			};
			name = Debug;
		};
		C89866B920250E130092D386 /* Release */ = {
			isa = XCBuildConfiguration;
			buildSettings = {
				ALWAYS_SEARCH_USER_PATHS = NO;
				CLANG_ANALYZER_NONNULL = YES;
				CLANG_ANALYZER_NUMBER_OBJECT_CONVERSION = YES_AGGRESSIVE;
				CLANG_CXX_LANGUAGE_STANDARD = "gnu++14";
				CLANG_CXX_LIBRARY = "libc++";
				CLANG_ENABLE_MODULES = YES;
				CLANG_ENABLE_OBJC_ARC = YES;
				CLANG_WARN_BLOCK_CAPTURE_AUTORELEASING = YES;
				CLANG_WARN_BOOL_CONVERSION = YES;
				CLANG_WARN_COMMA = YES;
				CLANG_WARN_CONSTANT_CONVERSION = YES;
				CLANG_WARN_DIRECT_OBJC_ISA_USAGE = YES_ERROR;
				CLANG_WARN_DOCUMENTATION_COMMENTS = YES;
				CLANG_WARN_EMPTY_BODY = YES;
				CLANG_WARN_ENUM_CONVERSION = YES;
				CLANG_WARN_INFINITE_RECURSION = YES;
				CLANG_WARN_INT_CONVERSION = YES;
				CLANG_WARN_NON_LITERAL_NULL_CONVERSION = YES;
				CLANG_WARN_OBJC_LITERAL_CONVERSION = YES;
				CLANG_WARN_OBJC_ROOT_CLASS = YES_ERROR;
				CLANG_WARN_RANGE_LOOP_ANALYSIS = YES;
				CLANG_WARN_STRICT_PROTOTYPES = YES;
				CLANG_WARN_SUSPICIOUS_MOVE = YES;
				CLANG_WARN_UNGUARDED_AVAILABILITY = YES_AGGRESSIVE;
				CLANG_WARN_UNREACHABLE_CODE = YES;
				CLANG_WARN__DUPLICATE_METHOD_MATCH = YES;
				CODE_SIGN_IDENTITY = "iPhone Developer";
				COPY_PHASE_STRIP = NO;
				DEBUG_INFORMATION_FORMAT = "dwarf-with-dsym";
				ENABLE_NS_ASSERTIONS = NO;
				ENABLE_STRICT_OBJC_MSGSEND = YES;
				GCC_C_LANGUAGE_STANDARD = gnu11;
				GCC_NO_COMMON_BLOCKS = YES;
				GCC_WARN_64_TO_32_BIT_CONVERSION = YES;
				GCC_WARN_ABOUT_RETURN_TYPE = YES_ERROR;
				GCC_WARN_UNDECLARED_SELECTOR = YES;
				GCC_WARN_UNINITIALIZED_AUTOS = YES_AGGRESSIVE;
				GCC_WARN_UNUSED_FUNCTION = YES;
				GCC_WARN_UNUSED_VARIABLE = YES;
				IPHONEOS_DEPLOYMENT_TARGET = 11.2;
				MTL_ENABLE_DEBUG_INFO = NO;
				SDKROOT = iphoneos;
				SWIFT_OPTIMIZATION_LEVEL = "-Owholemodule";
				VALIDATE_PRODUCT = YES;
			};
			name = Release;
		};
		C89866BB20250E130092D386 /* Debug */ = {
			isa = XCBuildConfiguration;
			baseConfigurationReference = C143CF1E2D9F3A878A30AE60 /* Pods-flix.debug.xcconfig */;
			buildSettings = {
				ASSETCATALOG_COMPILER_APPICON_NAME = AppIcon;
				CODE_SIGN_STYLE = Manual;
				DEVELOPMENT_TEAM = "";
				INFOPLIST_FILE = flix/Info.plist;
				LD_RUNPATH_SEARCH_PATHS = "$(inherited) @executable_path/Frameworks";
				PRODUCT_BUNDLE_IDENTIFIER = norah.flix;
				PRODUCT_NAME = "$(TARGET_NAME)";
				PROVISIONING_PROFILE_SPECIFIER = "";
				SWIFT_VERSION = 4.0;
				TARGETED_DEVICE_FAMILY = "1,2";
			};
			name = Debug;
		};
		C89866BC20250E130092D386 /* Release */ = {
			isa = XCBuildConfiguration;
			baseConfigurationReference = 7428F8EC42B07DA89DD195F2 /* Pods-flix.release.xcconfig */;
			buildSettings = {
				ASSETCATALOG_COMPILER_APPICON_NAME = AppIcon;
				CODE_SIGN_STYLE = Manual;
				DEVELOPMENT_TEAM = "";
				INFOPLIST_FILE = flix/Info.plist;
				LD_RUNPATH_SEARCH_PATHS = "$(inherited) @executable_path/Frameworks";
				PRODUCT_BUNDLE_IDENTIFIER = norah.flix;
				PRODUCT_NAME = "$(TARGET_NAME)";
				PROVISIONING_PROFILE_SPECIFIER = "";
				SWIFT_VERSION = 4.0;
				TARGETED_DEVICE_FAMILY = "1,2";
			};
			name = Release;
		};
		C89866BE20250E130092D386 /* Debug */ = {
			isa = XCBuildConfiguration;
			baseConfigurationReference = F25C91148EFC810504BE5F7A /* Pods-flixTests.debug.xcconfig */;
			buildSettings = {
				ALWAYS_EMBED_SWIFT_STANDARD_LIBRARIES = YES;
				BUNDLE_LOADER = "$(TEST_HOST)";
				CODE_SIGN_STYLE = Automatic;
				INFOPLIST_FILE = flixTests/Info.plist;
				LD_RUNPATH_SEARCH_PATHS = "$(inherited) @executable_path/Frameworks @loader_path/Frameworks";
				PRODUCT_BUNDLE_IDENTIFIER = kym.flixTests;
				PRODUCT_NAME = "$(TARGET_NAME)";
				SWIFT_VERSION = 4.0;
				TARGETED_DEVICE_FAMILY = "1,2";
				TEST_HOST = "$(BUILT_PRODUCTS_DIR)/flix.app/flix";
			};
			name = Debug;
		};
		C89866BF20250E130092D386 /* Release */ = {
			isa = XCBuildConfiguration;
			baseConfigurationReference = CF15755F3BBC824B6CEF86BB /* Pods-flixTests.release.xcconfig */;
			buildSettings = {
				ALWAYS_EMBED_SWIFT_STANDARD_LIBRARIES = YES;
				BUNDLE_LOADER = "$(TEST_HOST)";
				CODE_SIGN_STYLE = Automatic;
				INFOPLIST_FILE = flixTests/Info.plist;
				LD_RUNPATH_SEARCH_PATHS = "$(inherited) @executable_path/Frameworks @loader_path/Frameworks";
				PRODUCT_BUNDLE_IDENTIFIER = kym.flixTests;
				PRODUCT_NAME = "$(TARGET_NAME)";
				SWIFT_VERSION = 4.0;
				TARGETED_DEVICE_FAMILY = "1,2";
				TEST_HOST = "$(BUILT_PRODUCTS_DIR)/flix.app/flix";
			};
			name = Release;
		};
		C89866C120250E130092D386 /* Debug */ = {
			isa = XCBuildConfiguration;
			baseConfigurationReference = 4B676A992924197BBB1BC0FD /* Pods-flixUITests.debug.xcconfig */;
			buildSettings = {
				ALWAYS_EMBED_SWIFT_STANDARD_LIBRARIES = YES;
				CODE_SIGN_STYLE = Automatic;
				INFOPLIST_FILE = flixUITests/Info.plist;
				LD_RUNPATH_SEARCH_PATHS = "$(inherited) @executable_path/Frameworks @loader_path/Frameworks";
				PRODUCT_BUNDLE_IDENTIFIER = kym.flixUITests;
				PRODUCT_NAME = "$(TARGET_NAME)";
				SWIFT_VERSION = 4.0;
				TARGETED_DEVICE_FAMILY = "1,2";
				TEST_TARGET_NAME = flix;
			};
			name = Debug;
		};
		C89866C220250E130092D386 /* Release */ = {
			isa = XCBuildConfiguration;
			baseConfigurationReference = EAAEFBD242245B31A4F4C9DC /* Pods-flixUITests.release.xcconfig */;
			buildSettings = {
				ALWAYS_EMBED_SWIFT_STANDARD_LIBRARIES = YES;
				CODE_SIGN_STYLE = Automatic;
				INFOPLIST_FILE = flixUITests/Info.plist;
				LD_RUNPATH_SEARCH_PATHS = "$(inherited) @executable_path/Frameworks @loader_path/Frameworks";
				PRODUCT_BUNDLE_IDENTIFIER = kym.flixUITests;
				PRODUCT_NAME = "$(TARGET_NAME)";
				SWIFT_VERSION = 4.0;
				TARGETED_DEVICE_FAMILY = "1,2";
				TEST_TARGET_NAME = flix;
			};
			name = Release;
		};
/* End XCBuildConfiguration section */

/* Begin XCConfigurationList section */
		C898668D20250E130092D386 /* Build configuration list for PBXProject "flix" */ = {
			isa = XCConfigurationList;
			buildConfigurations = (
				C89866B820250E130092D386 /* Debug */,
				C89866B920250E130092D386 /* Release */,
			);
			defaultConfigurationIsVisible = 0;
			defaultConfigurationName = Release;
		};
		C89866BA20250E130092D386 /* Build configuration list for PBXNativeTarget "flix" */ = {
			isa = XCConfigurationList;
			buildConfigurations = (
				C89866BB20250E130092D386 /* Debug */,
				C89866BC20250E130092D386 /* Release */,
			);
			defaultConfigurationIsVisible = 0;
			defaultConfigurationName = Release;
		};
		C89866BD20250E130092D386 /* Build configuration list for PBXNativeTarget "flixTests" */ = {
			isa = XCConfigurationList;
			buildConfigurations = (
				C89866BE20250E130092D386 /* Debug */,
				C89866BF20250E130092D386 /* Release */,
			);
			defaultConfigurationIsVisible = 0;
			defaultConfigurationName = Release;
		};
		C89866C020250E130092D386 /* Build configuration list for PBXNativeTarget "flixUITests" */ = {
			isa = XCConfigurationList;
			buildConfigurations = (
				C89866C120250E130092D386 /* Debug */,
				C89866C220250E130092D386 /* Release */,
			);
			defaultConfigurationIsVisible = 0;
			defaultConfigurationName = Release;
		};
/* End XCConfigurationList section */
	};
	rootObject = C898668A20250E130092D386 /* Project object */;
}
